
Microsoft Visual Studio Solution File, Format Version 12.00
# Visual Studio 15
VisualStudioVersion = 15.0.27130.2024
MinimumVisualStudioVersion = 10.0.40219.1
Project("{FAE04EC0-301F-11D3-BF4B-00C04F79EFBC}") = "LanLearn", "LanLearn\LanLearn.csproj", "{4EF183D7-DA0D-498E-91EF-83C645706EF9}"
EndProject
Project("{FAE04EC0-301F-11D3-BF4B-00C04F79EFBC}") = "Dto", "Dto\Dto.csproj", "{8F763D3C-77E1-4251-838E-F95058E22FD2}"
EndProject
Project("{FAE04EC0-301F-11D3-BF4B-00C04F79EFBC}") = "LanLearn.Service", "LanLearn.Service\LanLearn.Service.csproj", "{A6A453C7-20FA-4AC9-80D0-2A3DC6362DA3}"
EndProject
Global
	GlobalSection(SolutionConfigurationPlatforms) = preSolution
		Debug|Any CPU = Debug|Any CPU
		Release|Any CPU = Release|Any CPU
	EndGlobalSection
	GlobalSection(ProjectConfigurationPlatforms) = postSolution
		{4EF183D7-DA0D-498E-91EF-83C645706EF9}.Debug|Any CPU.ActiveCfg = Debug|Any CPU
		{4EF183D7-DA0D-498E-91EF-83C645706EF9}.Debug|Any CPU.Build.0 = Debug|Any CPU
		{4EF183D7-DA0D-498E-91EF-83C645706EF9}.Release|Any CPU.ActiveCfg = Release|Any CPU
		{4EF183D7-DA0D-498E-91EF-83C645706EF9}.Release|Any CPU.Build.0 = Release|Any CPU
		{8F763D3C-77E1-4251-838E-F95058E22FD2}.Debug|Any CPU.ActiveCfg = Debug|Any CPU
		{8F763D3C-77E1-4251-838E-F95058E22FD2}.Debug|Any CPU.Build.0 = Debug|Any CPU
		{8F763D3C-77E1-4251-838E-F95058E22FD2}.Release|Any CPU.ActiveCfg = Release|Any CPU
		{8F763D3C-77E1-4251-838E-F95058E22FD2}.Release|Any CPU.Build.0 = Release|Any CPU
		{A6A453C7-20FA-4AC9-80D0-2A3DC6362DA3}.Debug|Any CPU.ActiveCfg = Debug|Any CPU
		{A6A453C7-20FA-4AC9-80D0-2A3DC6362DA3}.Debug|Any CPU.Build.0 = Debug|Any CPU
		{A6A453C7-20FA-4AC9-80D0-2A3DC6362DA3}.Release|Any CPU.ActiveCfg = Release|Any CPU
		{A6A453C7-20FA-4AC9-80D0-2A3DC6362DA3}.Release|Any CPU.Build.0 = Release|Any CPU
	EndGlobalSection
	GlobalSection(SolutionProperties) = preSolution
		HideSolutionNode = FALSE
	EndGlobalSection
	GlobalSection(ExtensibilityGlobals) = postSolution
		SolutionGuid = {32F768FB-BACB-4D2F-A1FB-1D36F80CD6DA}
	EndGlobalSection
EndGlobal
